<?xml version="1.0" encoding="utf-8"?>
<Project ToolsVersion="4.0" xmlns="http://schemas.microsoft.com/developer/msbuild/2003">
  <ItemGroup>
    <Filter Include="Исходные файлы">
      <UniqueIdentifier>{4FC737F1-C7A5-4376-A066-2A32D752A2FF}</UniqueIdentifier>
      <Extensions>cpp;c;cc;cxx;def;odl;idl;hpj;bat;asm;asmx</Extensions>
    </Filter>
    <Filter Include="Файлы заголовков">
      <UniqueIdentifier>{93995380-89BD-4b04-88EB-625FBE52EBFB}</UniqueIdentifier>
      <Extensions>h;hh;hpp;hxx;hm;inl;inc;ipp;xsd</Extensions>
    </Filter>
    <Filter Include="Файлы ресурсов">
      <UniqueIdentifier>{67DA6AB6-F800-4c08-8B7A-83BB121AAD01}</UniqueIdentifier>
      <Extensions>rc;ico;cur;bmp;dlg;rc2;rct;bin;rgs;gif;jpg;jpeg;jpe;resx;tiff;tif;png;wav;mfcribbon-ms</Extensions>
    </Filter>
  </ItemGroup>
  <ItemGroup>
    <ClCompile Include="src\core\application\Application.cpp">
      <Filter>Исходные файлы</Filter>
    </ClCompile>
    <ClCompile Include="src\core\looper\Looper.cpp">
      <Filter>Исходные файлы</Filter>
    </ClCompile>
    <ClCompile Include="src\core\opengl\core\error\ErrorChecker.cpp">
      <Filter>Исходные файлы</Filter>
    </ClCompile>
    <ClCompile Include="src\core\opengl\index-buffer\IndexBuffer.cpp">
      <Filter>Исходные файлы</Filter>
    </ClCompile>
    <ClCompile Include="src\core\opengl\program\Program.cpp">
      <Filter>Исходные файлы</Filter>
    </ClCompile>
    <ClCompile Include="src\core\opengl\vertex-array\VertexArray.cpp">
      <Filter>Исходные файлы</Filter>
    </ClCompile>
    <ClCompile Include="src\core\opengl\vertex-buffer\VertexBuffer.cpp">
      <Filter>Исходные файлы</Filter>
    </ClCompile>
    <ClCompile Include="src\core\window\Window.cpp">
      <Filter>Исходные файлы</Filter>
    </ClCompile>
    <ClCompile Include="src\tests\workability\Starter.cpp">
      <Filter>Исходные файлы</Filter>
    </ClCompile>
    <ClCompile Include="src\tests\workability\TestWindow.cpp">
      <Filter>Исходные файлы</Filter>
    </ClCompile>
    <ClCompile Include="src\tests\ui\draw-order\DrawOrderWindow.cpp">
      <Filter>Исходные файлы</Filter>
    </ClCompile>
    <ClCompile Include="src\tests\opengl-cookbook\chapter1\color-interpolation\Example_1_1_Window.cpp">
      <Filter>Исходные файлы</Filter>
    </ClCompile>
    <ClCompile Include="src\tests\opengl-cookbook\chapter2\ambiend-diffuse-specular-shading\Example_2_2_Window.cpp">
      <Filter>Исходные файлы</Filter>
    </ClCompile>
    <ClCompile Include="src\tests\opengl-cookbook\chapter2\diffuse-per-vertex-shading-with-one-light-source\Example_2_1_Window.cpp">
      <Filter>Исходные файлы</Filter>
    </ClCompile>
    <ClCompile Include="src\tests\opengl-cookbook\chapter2\discard-fragments\Example_2_4_Window.cpp">
      <Filter>Исходные файлы</Filter>
    </ClCompile>
    <ClCompile Include="src\tests\opengl-cookbook\chapter2\subroutine\Example_2_3_Window.cpp">
      <Filter>Исходные файлы</Filter>
    </ClCompile>
    <ClCompile Include="src\tests\opengl-cookbook\chapter3\cartoon-effect\Example_3_4_Window.cpp">
      <Filter>Исходные файлы</Filter>
    </ClCompile>
    <ClCompile Include="src\tests\opengl-cookbook\chapter3\fog-effect\Example_3_5_Window.cpp">
      <Filter>Исходные файлы</Filter>
    </ClCompile>
    <ClCompile Include="src\tests\opengl-cookbook\chapter3\multiple-positional-lights\Example_3_1_Window.cpp">
      <Filter>Исходные файлы</Filter>
    </ClCompile>
    <ClCompile Include="src\tests\opengl-cookbook\chapter3\per-fragment-shading\Example_3_2_Window.cpp">
      <Filter>Исходные файлы</Filter>
    </ClCompile>
    <ClCompile Include="src\tests\opengl-cookbook\chapter3\spotlight\Example_3_3_Window.cpp">
      <Filter>Исходные файлы</Filter>
    </ClCompile>
    <ClCompile Include="src\tests\opengl-cookbook\chapter4\2d-texture\Example_4_1_Window.cpp">
      <Filter>Исходные файлы</Filter>
    </ClCompile>
    <ClCompile Include="src\tests\opengl-cookbook\chapter4\cube-map-reflection\Example_4_4_Window.cpp">
      <Filter>Исходные файлы</Filter>
    </ClCompile>
    <ClCompile Include="src\tests\opengl-cookbook\chapter4\cube-map-refraction\Example_4_5_Window.cpp">
      <Filter>Исходные файлы</Filter>
    </ClCompile>
    <ClCompile Include="src\tests\opengl-cookbook\chapter4\multiple-textures\Example_4_2_Window.cpp">
      <Filter>Исходные файлы</Filter>
    </ClCompile>
    <ClCompile Include="src\tests\opengl-cookbook\chapter4\normal-maps\Example_4_3_Window.cpp">
      <Filter>Исходные файлы</Filter>
    </ClCompile>
    <ClCompile Include="src\tests\opengl-cookbook\chapter4\projected-texture\Example_4_6_Window.cpp">
      <Filter>Исходные файлы</Filter>
    </ClCompile>
    <ClCompile Include="src\tests\opengl-cookbook\chapter4\rendering-to-a-texture\Example_4_7_Window.cpp">
      <Filter>Исходные файлы</Filter>
    </ClCompile>
    <ClCompile Include="src\tests\opengl-cookbook\chapter4\sampler-objects\Example_4_8_Window.cpp">
      <Filter>Исходные файлы</Filter>
    </ClCompile>
    <ClCompile Include="src\tests\opengl-cookbook\chapter5\bloom-effect\Example_5_4_Window.cpp">
      <Filter>Исходные файлы</Filter>
    </ClCompile>
    <ClCompile Include="src\tests\opengl-cookbook\chapter5\deffered-shading\Example_5_5_Window.cpp">
      <Filter>Исходные файлы</Filter>
    </ClCompile>
    <ClCompile Include="src\tests\opengl-cookbook\chapter5\edge-detection-filter\Example_5_1_Window.cpp">
      <Filter>Исходные файлы</Filter>
    </ClCompile>
    <ClCompile Include="src\tests\opengl-cookbook\chapter5\gaussian-blur-filter\Example_5_2_Window.cpp">
      <Filter>Исходные файлы</Filter>
    </ClCompile>
    <ClCompile Include="src\tests\opengl-cookbook\chapter5\hdr-lighting\Example_5_3_Window.cpp">
      <Filter>Исходные файлы</Filter>
    </ClCompile>
    <ClCompile Include="src\tests\opengl-cookbook\chapter5\order-independent-tansparency\Example_5_6_Window.cpp">
      <Filter>Исходные файлы</Filter>
    </ClCompile>
    <ClCompile Include="src\tests\opengl-cookbook\chapter6\point-sprites-with-gs\Example_6_1_Window.cpp">
      <Filter>Исходные файлы</Filter>
    </ClCompile>
    <ClCompile Include="src\tests\opengl-cookbook\chapter6\tesselating-a-3d-surface\Example_6_5_Window.cpp">
      <Filter>Исходные файлы</Filter>
    </ClCompile>
    <ClCompile Include="src\tests\opengl-cookbook\chapter6\tesselating-a-curve\Example_6_3_Window.cpp">
      <Filter>Исходные файлы</Filter>
    </ClCompile>
    <ClCompile Include="src\tests\opengl-cookbook\chapter6\tesselating-a-quad\Example_6_4_Window.cpp">
      <Filter>Исходные файлы</Filter>
    </ClCompile>
    <ClCompile Include="src\tests\opengl-cookbook\chapter6\wireframe-on-top-of-shaded\Example_6_2_Window.cpp">
      <Filter>Исходные файлы</Filter>
    </ClCompile>
    <ClCompile Include="src\tests\opengl-cookbook\chapter7\anti-aliasing-with-PCF\Example_7_2_Window.cpp">
      <Filter>Исходные файлы</Filter>
    </ClCompile>
    <ClCompile Include="src\tests\opengl-cookbook\chapter7\shadow-maps\Example_7_1_Window.cpp">
      <Filter>Исходные файлы</Filter>
    </ClCompile>
    <ClCompile Include="src\tests\opengl-cookbook\chapter7\soft-shadow-edges\Example_7_3_Window.cpp">
      <Filter>Исходные файлы</Filter>
    </ClCompile>
    <ClCompile Include="src\tests\opengl-cookbook\chapter9\animating-surface\Example_9_1_Window.cpp">
      <Filter>Исходные файлы</Filter>
    </ClCompile>
    <ClCompile Include="src\tests\opengl-cookbook\chapter9\fountain-transform-feedback\Example_9_3_Window.cpp">
      <Filter>Исходные файлы</Filter>
    </ClCompile>
    <ClCompile Include="src\tests\opengl-cookbook\chapter9\particle-fountain\Example_9_2_Window.cpp">
      <Filter>Исходные файлы</Filter>
    </ClCompile>
    <ClCompile Include="src\tests\opengl-cookbook\chapter10\cloth-simulation\Example_10_2_Window.cpp">
      <Filter>Исходные файлы</Filter>
    </ClCompile>
    <ClCompile Include="src\tests\opengl-cookbook\chapter10\particle-simulation\Example_10_1_Window.cpp">
      <Filter>Исходные файлы</Filter>
    </ClCompile>
    <ClCompile Include="src\tests\opengl-cookbook\common\Grid.cpp">
      <Filter>Исходные файлы</Filter>
    </ClCompile>
    <ClCompile Include="src\tests\code-chunks\ThreadSafeQueue.cpp">
      <Filter>Исходные файлы</Filter>
    </ClCompile>
  </ItemGroup>
  <ItemGroup>
    <ClInclude Include="src\core\application\Application.h">
      <Filter>Файлы заголовков</Filter>
    </ClInclude>
    <ClInclude Include="src\core\looper\event\Event.h">
      <Filter>Файлы заголовков</Filter>
    </ClInclude>
    <ClInclude Include="src\core\looper\Looper.h">
      <Filter>Файлы заголовков</Filter>
    </ClInclude>
    <ClInclude Include="src\core\opengl\core\bindable\Bindable.h">
      <Filter>Файлы заголовков</Filter>
    </ClInclude>
    <ClInclude Include="src\core\opengl\core\error\ErrorChecker.h">
      <Filter>Файлы заголовков</Filter>
    </ClInclude>
    <ClInclude Include="src\core\opengl\index-buffer\IndexBuffer.h">
      <Filter>Файлы заголовков</Filter>
    </ClInclude>
    <ClInclude Include="src\core\opengl\program\Program.h">
      <Filter>Файлы заголовков</Filter>
    </ClInclude>
    <ClInclude Include="src\core\opengl\vertex-array\VertexArray.h">
      <Filter>Файлы заголовков</Filter>
    </ClInclude>
    <ClInclude Include="src\core\opengl\vertex-buffer\layout\VertexBufferLayout.h">
      <Filter>Файлы заголовков</Filter>
    </ClInclude>
    <ClInclude Include="src\core\opengl\vertex-buffer\VertexBuffer.h">
      <Filter>Файлы заголовков</Filter>
    </ClInclude>
    <ClInclude Include="src\core\window\Window.h">
      <Filter>Файлы заголовков</Filter>
    </ClInclude>
    <ClInclude Include="src\tests\workability\TestWindow.h">
      <Filter>Файлы заголовков</Filter>
    </ClInclude>
    <ClInclude Include="src\tests\ui\draw-order\DrawOrderWindow.h">
      <Filter>Файлы заголовков</Filter>
    </ClInclude>
    <ClInclude Include="src\tests\opengl-cookbook\chapter1\color-interpolation\Example_1_1_Window.h">
      <Filter>Файлы заголовков</Filter>
    </ClInclude>
    <ClInclude Include="src\tests\opengl-cookbook\chapter2\ambiend-diffuse-specular-shading\Example_2_2_Window.h">
      <Filter>Файлы заголовков</Filter>
    </ClInclude>
    <ClInclude Include="src\tests\opengl-cookbook\chapter2\diffuse-per-vertex-shading-with-one-light-source\Example_2_1_Window.h">
      <Filter>Файлы заголовков</Filter>
    </ClInclude>
    <ClInclude Include="src\tests\opengl-cookbook\chapter2\discard-fragments\Example_2_4_Window.h">
      <Filter>Файлы заголовков</Filter>
    </ClInclude>
    <ClInclude Include="src\tests\opengl-cookbook\chapter2\subroutine\Example_2_3_Window.h">
      <Filter>Файлы заголовков</Filter>
    </ClInclude>
    <ClInclude Include="src\tests\opengl-cookbook\chapter3\cartoon-effect\Example_3_4_Window.h">
      <Filter>Файлы заголовков</Filter>
    </ClInclude>
    <ClInclude Include="src\tests\opengl-cookbook\chapter3\fog-effect\Example_3_5_Window.h">
      <Filter>Файлы заголовков</Filter>
    </ClInclude>
    <ClInclude Include="src\tests\opengl-cookbook\chapter3\multiple-positional-lights\Example_3_1_Window.h">
      <Filter>Файлы заголовков</Filter>
    </ClInclude>
    <ClInclude Include="src\tests\opengl-cookbook\chapter3\per-fragment-shading\Example_3_2_Window.h">
      <Filter>Файлы заголовков</Filter>
    </ClInclude>
    <ClInclude Include="src\tests\opengl-cookbook\chapter3\spotlight\Example_3_3_Window.h">
      <Filter>Файлы заголовков</Filter>
    </ClInclude>
    <ClInclude Include="src\tests\opengl-cookbook\chapter4\2d-texture\Example_4_1_Window.h">
      <Filter>Файлы заголовков</Filter>
    </ClInclude>
    <ClInclude Include="src\tests\opengl-cookbook\chapter4\cube-map-reflection\Example_4_4_Window.h">
      <Filter>Файлы заголовков</Filter>
    </ClInclude>
    <ClInclude Include="src\tests\opengl-cookbook\chapter4\cube-map-refraction\Example_4_5_Window.h">
      <Filter>Файлы заголовков</Filter>
    </ClInclude>
    <ClInclude Include="src\tests\opengl-cookbook\chapter4\multiple-textures\Example_4_2_Window.h">
      <Filter>Файлы заголовков</Filter>
    </ClInclude>
    <ClInclude Include="src\tests\opengl-cookbook\chapter4\normal-maps\Example_4_3_Window.h">
      <Filter>Файлы заголовков</Filter>
    </ClInclude>
    <ClInclude Include="src\tests\opengl-cookbook\chapter4\projected-texture\Example_4_6_Window.h">
      <Filter>Файлы заголовков</Filter>
    </ClInclude>
    <ClInclude Include="src\tests\opengl-cookbook\chapter4\rendering-to-a-texture\Example_4_7_Window.h">
      <Filter>Файлы заголовков</Filter>
    </ClInclude>
    <ClInclude Include="src\tests\opengl-cookbook\chapter4\sampler-objects\Example_4_8_Window.h">
      <Filter>Файлы заголовков</Filter>
    </ClInclude>
    <ClInclude Include="src\tests\opengl-cookbook\chapter5\bloom-effect\Example_5_4_Window.h">
      <Filter>Файлы заголовков</Filter>
    </ClInclude>
    <ClInclude Include="src\tests\opengl-cookbook\chapter5\deffered-shading\Example_5_5_Window.h">
      <Filter>Файлы заголовков</Filter>
    </ClInclude>
    <ClInclude Include="src\tests\opengl-cookbook\chapter5\edge-detection-filter\Example_5_1_Window.h">
      <Filter>Файлы заголовков</Filter>
    </ClInclude>
    <ClInclude Include="src\tests\opengl-cookbook\chapter5\gaussian-blur-filter\Example_5_2_Window.h">
      <Filter>Файлы заголовков</Filter>
    </ClInclude>
    <ClInclude Include="src\tests\opengl-cookbook\chapter5\hdr-lighting\Example_5_3_Window.h">
      <Filter>Файлы заголовков</Filter>
    </ClInclude>
    <ClInclude Include="src\tests\opengl-cookbook\chapter5\order-independent-tansparency\Example_5_6_Window.h">
      <Filter>Файлы заголовков</Filter>
    </ClInclude>
    <ClInclude Include="src\tests\opengl-cookbook\chapter6\point-sprites-with-gs\Example_6_1_Window.h">
      <Filter>Файлы заголовков</Filter>
    </ClInclude>
    <ClInclude Include="src\tests\opengl-cookbook\chapter6\tesselating-a-3d-surface\Example_6_5_Window.h">
      <Filter>Файлы заголовков</Filter>
    </ClInclude>
    <ClInclude Include="src\tests\opengl-cookbook\chapter6\tesselating-a-3d-surface\TeapotData.h">
      <Filter>Файлы заголовков</Filter>
    </ClInclude>
    <ClInclude Include="src\tests\opengl-cookbook\chapter6\tesselating-a-curve\Example_6_3_Window.h">
      <Filter>Файлы заголовков</Filter>
    </ClInclude>
    <ClInclude Include="src\tests\opengl-cookbook\chapter6\tesselating-a-quad\Example_6_4_Window.h">
      <Filter>Файлы заголовков</Filter>
    </ClInclude>
    <ClInclude Include="src\tests\opengl-cookbook\chapter6\wireframe-on-top-of-shaded\Example_6_2_Window.h">
      <Filter>Файлы заголовков</Filter>
    </ClInclude>
    <ClInclude Include="src\tests\opengl-cookbook\chapter7\anti-aliasing-with-PCF\Example_7_2_Window.h">
      <Filter>Файлы заголовков</Filter>
    </ClInclude>
    <ClInclude Include="src\tests\opengl-cookbook\chapter7\shadow-maps\Example_7_1_Window.h">
      <Filter>Файлы заголовков</Filter>
    </ClInclude>
    <ClInclude Include="src\tests\opengl-cookbook\chapter7\soft-shadow-edges\Example_7_3_Window.h">
      <Filter>Файлы заголовков</Filter>
    </ClInclude>
    <ClInclude Include="src\tests\opengl-cookbook\chapter9\animating-surface\Example_9_1_Window.h">
      <Filter>Файлы заголовков</Filter>
    </ClInclude>
    <ClInclude Include="src\tests\opengl-cookbook\chapter9\fountain-transform-feedback\Example_9_3_Window.h">
      <Filter>Файлы заголовков</Filter>
    </ClInclude>
    <ClInclude Include="src\tests\opengl-cookbook\chapter9\particle-fountain\Example_9_2_Window.h">
      <Filter>Файлы заголовков</Filter>
    </ClInclude>
    <ClInclude Include="src\tests\opengl-cookbook\chapter10\cloth-simulation\Example_10_2_Window.h">
      <Filter>Файлы заголовков</Filter>
    </ClInclude>
    <ClInclude Include="src\tests\opengl-cookbook\chapter10\particle-simulation\Example_10_1_Window.h">
      <Filter>Файлы заголовков</Filter>
    </ClInclude>
    <ClInclude Include="src\tests\opengl-cookbook\common\Grid.h">
      <Filter>Файлы заголовков</Filter>
    </ClInclude>
    <ClInclude Include="src\tests\code-chunks\ThreadSafeQueue.h">
      <Filter>Файлы заголовков</Filter>
    </ClInclude>
    <ClInclude Include="src\tests\code-chunks\FutureExample.h">
      <Filter>Файлы заголовков</Filter>
    </ClInclude>
    <ClInclude Include="src\tests\code-chunks\CondVar.h">
      <Filter>Файлы заголовков</Filter>
    </ClInclude>
  </ItemGroup>
  <ItemGroup>
    <None Include="res\shaders\opengl-cookbook\chapter9\ex_1\AnimatedSurface_FS.glsl" />
    <None Include="res\shaders\opengl-cookbook\chapter9\ex_1\AnimatedSurface_VS.glsl" />
    <None Include="res\shaders\opengl-cookbook\chapter1\color-interpolation\ColorInterpolation.shader" />
    <None Include="res\shaders\opengl-cookbook\chapter2\ex_1\DiffuseShading.shader" />
    <None Include="res\shaders\opengl-cookbook\chapter2\ex_2\ADS_Shading.shader" />
    <None Include="res\shaders\opengl-cookbook\chapter2\ex_2\Flat_Shading.shader" />
    <None Include="res\shaders\opengl-cookbook\chapter2\ex_2\TwoSided_Shading.shader" />
    <None Include="res\shaders\opengl-cookbook\chapter2\ex_3\Subroutine.shader" />
    <None Include="res\shaders\opengl-cookbook\chapter2\ex_4\DiscardFragment.shader" />
    <None Include="res\shaders\opengl-cookbook\chapter3\ex_1\DirectionalLight.shader" />
    <None Include="res\shaders\opengl-cookbook\chapter3\ex_1\MultiplePositionalLights.shader" />
    <None Include="res\shaders\opengl-cookbook\chapter3\ex_2\HalfwayVector.shader" />
    <None Include="res\shaders\opengl-cookbook\chapter3\ex_2\PerFragmentShading.shader" />
    <None Include="res\shaders\opengl-cookbook\chapter3\ex_3\Spotlight.shader" />
    <None Include="res\shaders\opengl-cookbook\chapter3\ex_4\CartoonEffect.shader" />
    <None Include="res\shaders\opengl-cookbook\chapter3\ex_5\FogEffect.shader" />
    <None Include="res\shaders\opengl-cookbook\chapter4\ex_1\2DTexture.shader" />
    <None Include="res\shaders\opengl-cookbook\chapter4\ex_2\AlphaMapsToDiscardPixels.shader" />
    <None Include="res\shaders\opengl-cookbook\chapter4\ex_2\MultipleTextures.shader" />
    <None Include="res\shaders\opengl-cookbook\chapter4\ex_3\NormalMaps.shader" />
    <None Include="res\shaders\opengl-cookbook\chapter4\ex_4\CubeMapReflection.shader" />
    <None Include="res\shaders\opengl-cookbook\chapter4\ex_5\CubeMapRefraction.shader" />
    <None Include="res\shaders\opengl-cookbook\chapter4\ex_6\ProjectedTexture.shader" />
    <None Include="res\shaders\opengl-cookbook\chapter4\ex_7\FBO_Example.shader" />
    <None Include="res\shaders\opengl-cookbook\chapter4\ex_8\SamplerObjects.shader" />
    <None Include="res\shaders\opengl-cookbook\chapter5\ex_1\EdgeDetectionFilter.shader" />
    <None Include="res\shaders\opengl-cookbook\chapter5\ex_1\RenderPlane.shader" />
    <None Include="res\shaders\opengl-cookbook\chapter5\ex_2\GaussianBlurFilter.shader" />
    <None Include="res\shaders\opengl-cookbook\chapter5\ex_3\HDR_Lighting.shader" />
    <None Include="res\shaders\opengl-cookbook\chapter5\ex_4\BloomEffect.shader" />
    <None Include="res\shaders\opengl-cookbook\chapter5\ex_5\DefferedShading.shader" />
    <None Include="res\shaders\opengl-cookbook\chapter5\ex_6\OrderIndependentTransparency.shader" />
    <None Include="res\shaders\opengl-cookbook\chapter6\ex_1\PointSprites_FS.glsl" />
    <None Include="res\shaders\opengl-cookbook\chapter6\ex_1\PointSprites_GS.glsl" />
    <None Include="res\shaders\opengl-cookbook\chapter6\ex_1\PointSprites_VS.glsl" />
    <None Include="res\shaders\opengl-cookbook\chapter6\ex_2\Wireframe_FS.glsl" />
    <None Include="res\shaders\opengl-cookbook\chapter6\ex_2\Wireframe_GS.glsl" />
    <None Include="res\shaders\opengl-cookbook\chapter6\ex_2\Wireframe_VS.glsl" />
    <None Include="res\shaders\opengl-cookbook\chapter6\ex_3\TessCurve_FS.glsl" />
    <None Include="res\shaders\opengl-cookbook\chapter6\ex_3\TessCurve_TCS.glsl" />
    <None Include="res\shaders\opengl-cookbook\chapter6\ex_3\TessCurve_TES.glsl" />
    <None Include="res\shaders\opengl-cookbook\chapter6\ex_3\TessCurve_VS.glsl" />
    <None Include="res\shaders\opengl-cookbook\chapter6\ex_4\TessQuad_FS.glsl" />
    <None Include="res\shaders\opengl-cookbook\chapter6\ex_4\TessQuad_GS.glsl" />
    <None Include="res\shaders\opengl-cookbook\chapter6\ex_4\TessQuad_TCS.glsl" />
    <None Include="res\shaders\opengl-cookbook\chapter6\ex_4\TessQuad_TES.glsl" />
    <None Include="res\shaders\opengl-cookbook\chapter6\ex_4\TessQuad_VS.glsl" />
    <None Include="res\shaders\opengl-cookbook\chapter6\ex_5\TessSurface_FS.glsl" />
    <None Include="res\shaders\opengl-cookbook\chapter6\ex_5\TessSurface_GS.glsl" />
    <None Include="res\shaders\opengl-cookbook\chapter6\ex_5\TessSurface_TCS.glsl" />
    <None Include="res\shaders\opengl-cookbook\chapter6\ex_5\TessSurface_TES.glsl" />
    <None Include="res\shaders\opengl-cookbook\chapter6\ex_5\TessSurface_VS.glsl" />
    <None Include="res\shaders\opengl-cookbook\chapter7\ex_1\ShadowMaps_FS.glsl" />
    <None Include="res\shaders\opengl-cookbook\chapter7\ex_1\ShadowMaps_VS.glsl" />
    <None Include="res\shaders\opengl-cookbook\chapter7\ex_2\ShadowMaps_FS.glsl" />
    <None Include="res\shaders\opengl-cookbook\chapter7\ex_2\ShadowMaps_VS.glsl" />
    <None Include="res\shaders\opengl-cookbook\chapter7\ex_3\SoftEdges_FS.glsl" />
    <None Include="res\shaders\opengl-cookbook\chapter7\ex_3\SoftEdges_VS.glsl" />
    <None Include="res\shaders\opengl-cookbook\common\GridCoords.shader" />
    <None Include="res\shaders\test1\Shader.shader" />
    <None Include="res\shaders\opengl-cookbook\chapter9\ex_2\AnimatedFountain_FS.glsl" />
    <None Include="res\shaders\opengl-cookbook\chapter9\ex_2\AnimatedFountain_VS.glsl" />
    <None Include="res\shaders\opengl-cookbook\chapter9\ex_3\AnimatedFountain_FS.glsl" />
    <None Include="res\shaders\opengl-cookbook\chapter9\ex_3\AnimatedFountain_VS.glsl" />
    <None Include="res\shaders\opengl-cookbook\chapter10\ex_1\ParticleSimulation_FS.glsl" />
    <None Include="res\shaders\opengl-cookbook\chapter10\ex_1\ParticleSimulation_VS.glsl" />
    <None Include="res\shaders\opengl-cookbook\chapter10\ex_1\ParticleSimulation_CS.glsl" />
    <None Include="res\shaders\opengl-cookbook\chapter10\ex_2\ClothSimulation_CS.glsl" />
    <None Include="res\shaders\opengl-cookbook\chapter10\ex_2\ClothSimulation_FS.glsl" />
    <None Include="res\shaders\opengl-cookbook\chapter10\ex_2\ClothSimulation_VS.glsl" />
    <None Include="res\shaders\opengl-cookbook\chapter10\ex_2\ClothSimulatioNormals_CS.glsl" />
    <None Include="res\shaders\ui\draw-order\VS.glsl" />
    <None Include="res\shaders\ui\draw-order\FS.glsl" />
    <None Include="res\shaders\ui\draw-order\GS.glsl" />
  </ItemGroup>
</Project>